
Microsoft Visual Studio Solution File, Format Version 12.00
# Visual Studio Version 17
VisualStudioVersion = 17.8.34330.188
MinimumVisualStudioVersion = 10.0.40219.1
Project("{FAE04EC0-301F-11D3-BF4B-00C04F79EFBC}") = "DiscordStatusScheduler", "DiscordStatusScheduler\DiscordStatusScheduler.csproj", "{88BB3D42-35B4-406B-8AAC-118BFB6C3C4A}"
EndProject
Global
	GlobalSection(SolutionConfigurationPlatforms) = preSolution
		Debug|Any CPU = Debug|Any CPU
		Release|Any CPU = Release|Any CPU
	EndGlobalSection
	GlobalSection(ProjectConfigurationPlatforms) = postSolution
		{88BB3D42-35B4-406B-8AAC-118BFB6C3C4A}.Debug|Any CPU.ActiveCfg = Debug|Any CPU
		{88BB3D42-35B4-406B-8AAC-118BFB6C3C4A}.Debug|Any CPU.Build.0 = Debug|Any CPU
		{88BB3D42-35B4-406B-8AAC-118BFB6C3C4A}.Release|Any CPU.ActiveCfg = Release|Any CPU
		{88BB3D42-35B4-406B-8AAC-118BFB6C3C4A}.Release|Any CPU.Build.0 = Release|Any CPU
	EndGlobalSection
	GlobalSection(SolutionProperties) = preSolution
		HideSolutionNode = FALSE
	EndGlobalSection
	GlobalSection(ExtensibilityGlobals) = postSolution
		SolutionGuid = {06F77856-195F-44C2-B184-56339F2968A5}
	EndGlobalSection
EndGlobal
